
Microsoft Visual Studio Solution File, Format Version 12.00
# Visual Studio Version 16
VisualStudioVersion = 16.0.32002.261
MinimumVisualStudioVersion = 10.0.40219.1
Project("{FAE04EC0-301F-11D3-BF4B-00C04F79EFBC}") = "Umoxi", "Umoxi.csproj", "{2B7F8C57-D98E-4568-8FCE-A4E1240566CB}"
EndProject
Global
	GlobalSection(SolutionConfigurationPlatforms) = preSolution
		Debug|Any CPU = Debug|Any CPU
		Debug|x86 = Debug|x86
		Release|Any CPU = Release|Any CPU
		Release|x86 = Release|x86
	EndGlobalSection
	GlobalSection(ProjectConfigurationPlatforms) = postSolution
		{2B7F8C57-D98E-4568-8FCE-A4E1240566CB}.Debug|Any CPU.ActiveCfg = Debug|Any CPU
		{2B7F8C57-D98E-4568-8FCE-A4E1240566CB}.Debug|Any CPU.Build.0 = Debug|Any CPU
		{2B7F8C57-D98E-4568-8FCE-A4E1240566CB}.Debug|x86.ActiveCfg = Debug|Any CPU
		{2B7F8C57-D98E-4568-8FCE-A4E1240566CB}.Debug|x86.Build.0 = Debug|Any CPU
		{2B7F8C57-D98E-4568-8FCE-A4E1240566CB}.Release|Any CPU.ActiveCfg = Release|Any CPU
		{2B7F8C57-D98E-4568-8FCE-A4E1240566CB}.Release|Any CPU.Build.0 = Release|Any CPU
		{2B7F8C57-D98E-4568-8FCE-A4E1240566CB}.Release|x86.ActiveCfg = Release|Any CPU
		{2B7F8C57-D98E-4568-8FCE-A4E1240566CB}.Release|x86.Build.0 = Release|Any CPU
	EndGlobalSection
	GlobalSection(SolutionProperties) = preSolution
		HideSolutionNode = FALSE
	EndGlobalSection
	GlobalSection(ExtensibilityGlobals) = postSolution
		SolutionGuid = {3728D6D9-FFB0-41AE-A63C-4330328CF413}
	EndGlobalSection
EndGlobal
